
Microsoft Visual Studio Solution File, Format Version 12.00
# Visual Studio Version 17
VisualStudioVersion = 17.8.34330.188
MinimumVisualStudioVersion = 10.0.40219.1
Project("{FAE04EC0-301F-11D3-BF4B-00C04F79EFBC}") = "DemoDependencyInjection", "DemoDependencyInjection\DemoDependencyInjection.csproj", "{84F5101D-DEC0-4A43-888B-CA6F482226CF}"
EndProject
Global
	GlobalSection(SolutionConfigurationPlatforms) = preSolution
		Debug|Any CPU = Debug|Any CPU
		Release|Any CPU = Release|Any CPU
	EndGlobalSection
	GlobalSection(ProjectConfigurationPlatforms) = postSolution
		{84F5101D-DEC0-4A43-888B-CA6F482226CF}.Debug|Any CPU.ActiveCfg = Debug|Any CPU
		{84F5101D-DEC0-4A43-888B-CA6F482226CF}.Debug|Any CPU.Build.0 = Debug|Any CPU
		{84F5101D-DEC0-4A43-888B-CA6F482226CF}.Release|Any CPU.ActiveCfg = Release|Any CPU
		{84F5101D-DEC0-4A43-888B-CA6F482226CF}.Release|Any CPU.Build.0 = Release|Any CPU
	EndGlobalSection
	GlobalSection(SolutionProperties) = preSolution
		HideSolutionNode = FALSE
	EndGlobalSection
	GlobalSection(ExtensibilityGlobals) = postSolution
		SolutionGuid = {B5276C43-B03A-441A-9BF5-01181CEBAAC5}
	EndGlobalSection
EndGlobal
